
Microsoft Visual Studio Solution File, Format Version 12.00
# Visual Studio 14
VisualStudioVersion = 14.0.25420.1
MinimumVisualStudioVersion = 10.0.40219.1
Project("{8BC9CEB8-8B4A-11D0-8D11-00A0C91BC942}") = "Chapter 003", "Chapter 003\Chapter 003.vcxproj", "{34E3A436-510D-432F-B8BA-B30ECD11E12C}"
EndProject
Project("{8BC9CEB8-8B4A-11D0-8D11-00A0C91BC942}") = "Exercise 001_01", "Exercise 001_01\Exercise 001_01.vcxproj", "{4E8B4451-F301-45AA-8037-925F81D71436}"
EndProject
Project("{8BC9CEB8-8B4A-11D0-8D11-00A0C91BC942}") = "Exercise 001_02", "Exercise 001_02\Exercise 001_02.vcxproj", "{EF0DE768-C356-43EF-9C76-E70098BD1388}"
EndProject
Project("{8BC9CEB8-8B4A-11D0-8D11-00A0C91BC942}") = "Exercise 001_03", "Exercise 001_03\Exercise 001_03.vcxproj", "{DC89930B-E61C-4C69-8F63-EEAF39FCBE2F}"
EndProject
Project("{8BC9CEB8-8B4A-11D0-8D11-00A0C91BC942}") = "Exercise 002", "Exercise 002\Exercise 002.vcxproj", "{AA92613B-AD90-4762-8750-EE5FA3A7B30E}"
EndProject
Project("{8BC9CEB8-8B4A-11D0-8D11-00A0C91BC942}") = "Exercise 003", "Exercise 003\Exercise 003.vcxproj", "{24E27FE9-FB97-48D6-8E4C-801300224D84}"
EndProject
Project("{8BC9CEB8-8B4A-11D0-8D11-00A0C91BC942}") = "Exercise 004", "Exercise 004\Exercise 004.vcxproj", "{4FBF91FD-DBE9-4B34-B3B1-7F90666E3AEA}"
EndProject
Project("{8BC9CEB8-8B4A-11D0-8D11-00A0C91BC942}") = "Exercise 005", "Exercise 005\Exercise 005.vcxproj", "{EB096BCA-4573-478F-804D-1DC5E73D0F3C}"
EndProject
Project("{8BC9CEB8-8B4A-11D0-8D11-00A0C91BC942}") = "Exercise 006", "Exercise 006\Exercise 006.vcxproj", "{694D3882-F3EF-41EE-8EE1-55731E71E44D}"
EndProject
Project("{8BC9CEB8-8B4A-11D0-8D11-00A0C91BC942}") = "Exercise 007", "Exercise 007\Exercise 007.vcxproj", "{198B80F8-5457-4379-83F8-D8B1F9B2CD6B}"
EndProject
Project("{8BC9CEB8-8B4A-11D0-8D11-00A0C91BC942}") = "Exercise 008", "Exercise 008\Exercise 008.vcxproj", "{BDACB6FC-AA97-428D-AAAF-D35453CEFF76}"
EndProject
Project("{8BC9CEB8-8B4A-11D0-8D11-00A0C91BC942}") = "Exercise 009", "Exercise 009\Exercise 009.vcxproj", "{23BAB57A-84CA-4691-AAAA-65A4884EF585}"
EndProject
Project("{8BC9CEB8-8B4A-11D0-8D11-00A0C91BC942}") = "Exercise 010", "Exercise 010\Exercise 010.vcxproj", "{BAF32834-7E5C-48A2-A992-9C3403897C60}"
EndProject
Project("{8BC9CEB8-8B4A-11D0-8D11-00A0C91BC942}") = "Exercise 011", "Exercise 011\Exercise 011.vcxproj", "{0C57FE24-52DC-4F6A-B944-8F326992B53E}"
EndProject
Global
	GlobalSection(SolutionConfigurationPlatforms) = preSolution
		Debug|x64 = Debug|x64
		Debug|x86 = Debug|x86
		Release|x64 = Release|x64
		Release|x86 = Release|x86
	EndGlobalSection
	GlobalSection(ProjectConfigurationPlatforms) = postSolution
		{34E3A436-510D-432F-B8BA-B30ECD11E12C}.Debug|x64.ActiveCfg = Debug|x64
		{34E3A436-510D-432F-B8BA-B30ECD11E12C}.Debug|x64.Build.0 = Debug|x64
		{34E3A436-510D-432F-B8BA-B30ECD11E12C}.Debug|x86.ActiveCfg = Debug|Win32
		{34E3A436-510D-432F-B8BA-B30ECD11E12C}.Debug|x86.Build.0 = Debug|Win32
		{34E3A436-510D-432F-B8BA-B30ECD11E12C}.Release|x64.ActiveCfg = Release|x64
		{34E3A436-510D-432F-B8BA-B30ECD11E12C}.Release|x64.Build.0 = Release|x64
		{34E3A436-510D-432F-B8BA-B30ECD11E12C}.Release|x86.ActiveCfg = Release|Win32
		{34E3A436-510D-432F-B8BA-B30ECD11E12C}.Release|x86.Build.0 = Release|Win32
		{4E8B4451-F301-45AA-8037-925F81D71436}.Debug|x64.ActiveCfg = Debug|x64
		{4E8B4451-F301-45AA-8037-925F81D71436}.Debug|x64.Build.0 = Debug|x64
		{4E8B4451-F301-45AA-8037-925F81D71436}.Debug|x86.ActiveCfg = Debug|Win32
		{4E8B4451-F301-45AA-8037-925F81D71436}.Debug|x86.Build.0 = Debug|Win32
		{4E8B4451-F301-45AA-8037-925F81D71436}.Release|x64.ActiveCfg = Release|x64
		{4E8B4451-F301-45AA-8037-925F81D71436}.Release|x64.Build.0 = Release|x64
		{4E8B4451-F301-45AA-8037-925F81D71436}.Release|x86.ActiveCfg = Release|Win32
		{4E8B4451-F301-45AA-8037-925F81D71436}.Release|x86.Build.0 = Release|Win32
		{EF0DE768-C356-43EF-9C76-E70098BD1388}.Debug|x64.ActiveCfg = Debug|x64
		{EF0DE768-C356-43EF-9C76-E70098BD1388}.Debug|x64.Build.0 = Debug|x64
		{EF0DE768-C356-43EF-9C76-E70098BD1388}.Debug|x86.ActiveCfg = Debug|Win32
		{EF0DE768-C356-43EF-9C76-E70098BD1388}.Debug|x86.Build.0 = Debug|Win32
		{EF0DE768-C356-43EF-9C76-E70098BD1388}.Release|x64.ActiveCfg = Release|x64
		{EF0DE768-C356-43EF-9C76-E70098BD1388}.Release|x64.Build.0 = Release|x64
		{EF0DE768-C356-43EF-9C76-E70098BD1388}.Release|x86.ActiveCfg = Release|Win32
		{EF0DE768-C356-43EF-9C76-E70098BD1388}.Release|x86.Build.0 = Release|Win32
		{DC89930B-E61C-4C69-8F63-EEAF39FCBE2F}.Debug|x64.ActiveCfg = Debug|x64
		{DC89930B-E61C-4C69-8F63-EEAF39FCBE2F}.Debug|x64.Build.0 = Debug|x64
		{DC89930B-E61C-4C69-8F63-EEAF39FCBE2F}.Debug|x86.ActiveCfg = Debug|Win32
		{DC89930B-E61C-4C69-8F63-EEAF39FCBE2F}.Debug|x86.Build.0 = Debug|Win32
		{DC89930B-E61C-4C69-8F63-EEAF39FCBE2F}.Release|x64.ActiveCfg = Release|x64
		{DC89930B-E61C-4C69-8F63-EEAF39FCBE2F}.Release|x64.Build.0 = Release|x64
		{DC89930B-E61C-4C69-8F63-EEAF39FCBE2F}.Release|x86.ActiveCfg = Release|Win32
		{DC89930B-E61C-4C69-8F63-EEAF39FCBE2F}.Release|x86.Build.0 = Release|Win32
		{AA92613B-AD90-4762-8750-EE5FA3A7B30E}.Debug|x64.ActiveCfg = Debug|x64
		{AA92613B-AD90-4762-8750-EE5FA3A7B30E}.Debug|x64.Build.0 = Debug|x64
		{AA92613B-AD90-4762-8750-EE5FA3A7B30E}.Debug|x86.ActiveCfg = Debug|Win32
		{AA92613B-AD90-4762-8750-EE5FA3A7B30E}.Debug|x86.Build.0 = Debug|Win32
		{AA92613B-AD90-4762-8750-EE5FA3A7B30E}.Release|x64.ActiveCfg = Release|x64
		{AA92613B-AD90-4762-8750-EE5FA3A7B30E}.Release|x64.Build.0 = Release|x64
		{AA92613B-AD90-4762-8750-EE5FA3A7B30E}.Release|x86.ActiveCfg = Release|Win32
		{AA92613B-AD90-4762-8750-EE5FA3A7B30E}.Release|x86.Build.0 = Release|Win32
		{24E27FE9-FB97-48D6-8E4C-801300224D84}.Debug|x64.ActiveCfg = Debug|x64
		{24E27FE9-FB97-48D6-8E4C-801300224D84}.Debug|x64.Build.0 = Debug|x64
		{24E27FE9-FB97-48D6-8E4C-801300224D84}.Debug|x86.ActiveCfg = Debug|Win32
		{24E27FE9-FB97-48D6-8E4C-801300224D84}.Debug|x86.Build.0 = Debug|Win32
		{24E27FE9-FB97-48D6-8E4C-801300224D84}.Release|x64.ActiveCfg = Release|x64
		{24E27FE9-FB97-48D6-8E4C-801300224D84}.Release|x64.Build.0 = Release|x64
		{24E27FE9-FB97-48D6-8E4C-801300224D84}.Release|x86.ActiveCfg = Release|Win32
		{24E27FE9-FB97-48D6-8E4C-801300224D84}.Release|x86.Build.0 = Release|Win32
		{4FBF91FD-DBE9-4B34-B3B1-7F90666E3AEA}.Debug|x64.ActiveCfg = Debug|x64
		{4FBF91FD-DBE9-4B34-B3B1-7F90666E3AEA}.Debug|x64.Build.0 = Debug|x64
		{4FBF91FD-DBE9-4B34-B3B1-7F90666E3AEA}.Debug|x86.ActiveCfg = Debug|Win32
		{4FBF91FD-DBE9-4B34-B3B1-7F90666E3AEA}.Debug|x86.Build.0 = Debug|Win32
		{4FBF91FD-DBE9-4B34-B3B1-7F90666E3AEA}.Release|x64.ActiveCfg = Release|x64
		{4FBF91FD-DBE9-4B34-B3B1-7F90666E3AEA}.Release|x64.Build.0 = Release|x64
		{4FBF91FD-DBE9-4B34-B3B1-7F90666E3AEA}.Release|x86.ActiveCfg = Release|Win32
		{4FBF91FD-DBE9-4B34-B3B1-7F90666E3AEA}.Release|x86.Build.0 = Release|Win32
		{EB096BCA-4573-478F-804D-1DC5E73D0F3C}.Debug|x64.ActiveCfg = Debug|x64
		{EB096BCA-4573-478F-804D-1DC5E73D0F3C}.Debug|x64.Build.0 = Debug|x64
		{EB096BCA-4573-478F-804D-1DC5E73D0F3C}.Debug|x86.ActiveCfg = Debug|Win32
		{EB096BCA-4573-478F-804D-1DC5E73D0F3C}.Debug|x86.Build.0 = Debug|Win32
		{EB096BCA-4573-478F-804D-1DC5E73D0F3C}.Release|x64.ActiveCfg = Release|x64
		{EB096BCA-4573-478F-804D-1DC5E73D0F3C}.Release|x64.Build.0 = Release|x64
		{EB096BCA-4573-478F-804D-1DC5E73D0F3C}.Release|x86.ActiveCfg = Release|Win32
		{EB096BCA-4573-478F-804D-1DC5E73D0F3C}.Release|x86.Build.0 = Release|Win32
		{694D3882-F3EF-41EE-8EE1-55731E71E44D}.Debug|x64.ActiveCfg = Debug|x64
		{694D3882-F3EF-41EE-8EE1-55731E71E44D}.Debug|x64.Build.0 = Debug|x64
		{694D3882-F3EF-41EE-8EE1-55731E71E44D}.Debug|x86.ActiveCfg = Debug|Win32
		{694D3882-F3EF-41EE-8EE1-55731E71E44D}.Debug|x86.Build.0 = Debug|Win32
		{694D3882-F3EF-41EE-8EE1-55731E71E44D}.Release|x64.ActiveCfg = Release|x64
		{694D3882-F3EF-41EE-8EE1-55731E71E44D}.Release|x64.Build.0 = Release|x64
		{694D3882-F3EF-41EE-8EE1-55731E71E44D}.Release|x86.ActiveCfg = Release|Win32
		{694D3882-F3EF-41EE-8EE1-55731E71E44D}.Release|x86.Build.0 = Release|Win32
		{198B80F8-5457-4379-83F8-D8B1F9B2CD6B}.Debug|x64.ActiveCfg = Debug|x64
		{198B80F8-5457-4379-83F8-D8B1F9B2CD6B}.Debug|x64.Build.0 = Debug|x64
		{198B80F8-5457-4379-83F8-D8B1F9B2CD6B}.Debug|x86.ActiveCfg = Debug|Win32
		{198B80F8-5457-4379-83F8-D8B1F9B2CD6B}.Debug|x86.Build.0 = Debug|Win32
		{198B80F8-5457-4379-83F8-D8B1F9B2CD6B}.Release|x64.ActiveCfg = Release|x64
		{198B80F8-5457-4379-83F8-D8B1F9B2CD6B}.Release|x64.Build.0 = Release|x64
		{198B80F8-5457-4379-83F8-D8B1F9B2CD6B}.Release|x86.ActiveCfg = Release|Win32
		{198B80F8-5457-4379-83F8-D8B1F9B2CD6B}.Release|x86.Build.0 = Release|Win32
		{BDACB6FC-AA97-428D-AAAF-D35453CEFF76}.Debug|x64.ActiveCfg = Debug|x64
		{BDACB6FC-AA97-428D-AAAF-D35453CEFF76}.Debug|x64.Build.0 = Debug|x64
		{BDACB6FC-AA97-428D-AAAF-D35453CEFF76}.Debug|x86.ActiveCfg = Debug|Win32
		{BDACB6FC-AA97-428D-AAAF-D35453CEFF76}.Debug|x86.Build.0 = Debug|Win32
		{BDACB6FC-AA97-428D-AAAF-D35453CEFF76}.Release|x64.ActiveCfg = Release|x64
		{BDACB6FC-AA97-428D-AAAF-D35453CEFF76}.Release|x64.Build.0 = Release|x64
		{BDACB6FC-AA97-428D-AAAF-D35453CEFF76}.Release|x86.ActiveCfg = Release|Win32
		{BDACB6FC-AA97-428D-AAAF-D35453CEFF76}.Release|x86.Build.0 = Release|Win32
		{23BAB57A-84CA-4691-AAAA-65A4884EF585}.Debug|x64.ActiveCfg = Debug|x64
		{23BAB57A-84CA-4691-AAAA-65A4884EF585}.Debug|x64.Build.0 = Debug|x64
		{23BAB57A-84CA-4691-AAAA-65A4884EF585}.Debug|x86.ActiveCfg = Debug|Win32
		{23BAB57A-84CA-4691-AAAA-65A4884EF585}.Debug|x86.Build.0 = Debug|Win32
		{23BAB57A-84CA-4691-AAAA-65A4884EF585}.Release|x64.ActiveCfg = Release|x64
		{23BAB57A-84CA-4691-AAAA-65A4884EF585}.Release|x64.Build.0 = Release|x64
		{23BAB57A-84CA-4691-AAAA-65A4884EF585}.Release|x86.ActiveCfg = Release|Win32
		{23BAB57A-84CA-4691-AAAA-65A4884EF585}.Release|x86.Build.0 = Release|Win32
		{BAF32834-7E5C-48A2-A992-9C3403897C60}.Debug|x64.ActiveCfg = Debug|x64
		{BAF32834-7E5C-48A2-A992-9C3403897C60}.Debug|x64.Build.0 = Debug|x64
		{BAF32834-7E5C-48A2-A992-9C3403897C60}.Debug|x86.ActiveCfg = Debug|Win32
		{BAF32834-7E5C-48A2-A992-9C3403897C60}.Debug|x86.Build.0 = Debug|Win32
		{BAF32834-7E5C-48A2-A992-9C3403897C60}.Release|x64.ActiveCfg = Release|x64
		{BAF32834-7E5C-48A2-A992-9C3403897C60}.Release|x64.Build.0 = Release|x64
		{BAF32834-7E5C-48A2-A992-9C3403897C60}.Release|x86.ActiveCfg = Release|Win32
		{BAF32834-7E5C-48A2-A992-9C3403897C60}.Release|x86.Build.0 = Release|Win32
		{0C57FE24-52DC-4F6A-B944-8F326992B53E}.Debug|x64.ActiveCfg = Debug|x64
		{0C57FE24-52DC-4F6A-B944-8F326992B53E}.Debug|x64.Build.0 = Debug|x64
		{0C57FE24-52DC-4F6A-B944-8F326992B53E}.Debug|x86.ActiveCfg = Debug|Win32
		{0C57FE24-52DC-4F6A-B944-8F326992B53E}.Debug|x86.Build.0 = Debug|Win32
		{0C57FE24-52DC-4F6A-B944-8F326992B53E}.Release|x64.ActiveCfg = Release|x64
		{0C57FE24-52DC-4F6A-B944-8F326992B53E}.Release|x64.Build.0 = Release|x64
		{0C57FE24-52DC-4F6A-B944-8F326992B53E}.Release|x86.ActiveCfg = Release|Win32
		{0C57FE24-52DC-4F6A-B944-8F326992B53E}.Release|x86.Build.0 = Release|Win32
	EndGlobalSection
	GlobalSection(SolutionProperties) = preSolution
		HideSolutionNode = FALSE
	EndGlobalSection
EndGlobal
