
Microsoft Visual Studio Solution File, Format Version 12.00
# Visual Studio 14
VisualStudioVersion = 14.0.25420.1
MinimumVisualStudioVersion = 10.0.40219.1
Project("{8BC9CEB8-8B4A-11D0-8D11-00A0C91BC942}") = "Chapter 003", "Chapter 003\Chapter 003.vcxproj", "{34E3A436-510D-432F-B8BA-B30ECD11E12C}"
EndProject
Project("{8BC9CEB8-8B4A-11D0-8D11-00A0C91BC942}") = "Exercise 001_01", "Exercise 001_01\Exercise 001_01.vcxproj", "{4E8B4451-F301-45AA-8037-925F81D71436}"
EndProject
Project("{8BC9CEB8-8B4A-11D0-8D11-00A0C91BC942}") = "Exercise 001_02", "Exercise 001_02\Exercise 001_02.vcxproj", "{EF0DE768-C356-43EF-9C76-E70098BD1388}"
EndProject
Project("{8BC9CEB8-8B4A-11D0-8D11-00A0C91BC942}") = "Exercise 001_03", "Exercise 001_03\Exercise 001_03.vcxproj", "{DC89930B-E61C-4C69-8F63-EEAF39FCBE2F}"
EndProject
Project("{8BC9CEB8-8B4A-11D0-8D11-00A0C91BC942}") = "Exercise 002", "Exercise 002\Exercise 002.vcxproj", "{AA92613B-AD90-4762-8750-EE5FA3A7B30E}"
EndProject
Project("{8BC9CEB8-8B4A-11D0-8D11-00A0C91BC942}") = "Exercise 003", "Exercise 003\Exercise 003.vcxproj", "{24E27FE9-FB97-48D6-8E4C-801300224D84}"
EndProject
Project("{8BC9CEB8-8B4A-11D0-8D11-00A0C91BC942}") = "Exercise 004", "Exercise 004\Exercise 004.vcxproj", "{4FBF91FD-DBE9-4B34-B3B1-7F90666E3AEA}"
EndProject
Project("{8BC9CEB8-8B4A-11D0-8D11-00A0C91BC942}") = "Exercise 005", "Exercise 005\Exercise 005.vcxproj", "{EB096BCA-4573-478F-804D-1DC5E73D0F3C}"
EndProject
Project("{8BC9CEB8-8B4A-11D0-8D11-00A0C91BC942}") = "Exercise 006", "Exercise 006\Exercise 006.vcxproj", "{694D3882-F3EF-41EE-8EE1-55731E71E44D}"
EndProject
Project("{8BC9CEB8-8B4A-11D0-8D11-00A0C91BC942}") = "Exercise 007", "Exercise 007\Exercise 007.vcxproj", "{198B80F8-5457-4379-83F8-D8B1F9B2CD6B}"
EndProject
Project("{8BC9CEB8-8B4A-11D0-8D11-00A0C91BC942}") = "Exercise 008", "Exercise 008\Exercise 008.vcxproj", "{BDACB6FC-AA97-428D-AAAF-D35453CEFF76}"
EndProject
Project("{8BC9CEB8-8B4A-11D0-8D11-00A0C91BC942}") = "Exercise 009", "Exercise 009\Exercise 009.vcxproj", "{23BAB57A-84CA-4691-AAAA-65A4884EF585}"
EndProject
Project("{8BC9CEB8-8B4A-11D0-8D11-00A0C91BC942}") = "Exercise 010", "Exercise 010\Exercise 010.vcxproj", "{BAF32834-7E5C-48A2-A992-9C3403897C60}"
EndProject
Project("{8BC9CEB8-8B4A-11D0-8D11-00A0C91BC942}") = "Exercise 011", "Exercise 011\Exercise 011.vcxproj", "{0C57FE24-52DC-4F6A-B944-8F326992B53E}"
EndProject
Project("{8BC9CEB8-8B4A-11D0-8D11-00A0C91BC942}") = "Exercise 012", "Exercise 012\Exercise 012.vcxproj", "{04EC1671-9AC5-4A58-8F2F-24BC98276434}"
EndProject
Project("{8BC9CEB8-8B4A-11D0-8D11-00A0C91BC942}") = "Exercise 013", "Exercise 013\Exercise 013.vcxproj", "{AFD37760-D822-40CD-BB7D-F570DF644017}"
EndProject
Project("{8BC9CEB8-8B4A-11D0-8D11-00A0C91BC942}") = "Exercise 014", "Exercise 014\Exercise 014.vcxproj", "{D5B422B9-395A-4B36-83F4-8E9EB547D8C8}"
EndProject
Project("{8BC9CEB8-8B4A-11D0-8D11-00A0C91BC942}") = "Exercise 015", "Exercise 015\Exercise 015.vcxproj", "{215520AB-D402-4753-B52A-DFD0401C7CC6}"
EndProject
Project("{8BC9CEB8-8B4A-11D0-8D11-00A0C91BC942}") = "Exercise 016", "Exercise 016\Exercise 016.vcxproj", "{FD9BD9F0-7357-4BF4-BE79-4116F2C63717}"
EndProject
Project("{8BC9CEB8-8B4A-11D0-8D11-00A0C91BC942}") = "Exercise 017", "Exercise 017\Exercise 017.vcxproj", "{36B87F86-D959-4775-BAD6-8D87B67F7615}"
EndProject
Project("{8BC9CEB8-8B4A-11D0-8D11-00A0C91BC942}") = "Exercise 018", "Exercise 018\Exercise 018.vcxproj", "{D7B6BDE5-AAD4-414B-B043-6C0574935D2F}"
EndProject
Project("{8BC9CEB8-8B4A-11D0-8D11-00A0C91BC942}") = "Exercise 019", "Exercise 019\Exercise 019.vcxproj", "{C281DA43-A3B9-4AE7-8B20-F883C892A6B5}"
EndProject
Project("{8BC9CEB8-8B4A-11D0-8D11-00A0C91BC942}") = "Exercise 020", "Exercise 020\Exercise 020.vcxproj", "{FE4E943E-B694-4B03-A1C7-42DF2FB076A8}"
EndProject
Project("{8BC9CEB8-8B4A-11D0-8D11-00A0C91BC942}") = "Exercise 021", "Exercise 021\Exercise 021.vcxproj", "{E312858E-3BC3-44FE-81B0-B40B163FBE81}"
EndProject
Project("{8BC9CEB8-8B4A-11D0-8D11-00A0C91BC942}") = "Exercise 022", "Exercise 022\Exercise 022.vcxproj", "{D15D9C1F-945B-443E-BD98-954ACB17D633}"
EndProject
Project("{8BC9CEB8-8B4A-11D0-8D11-00A0C91BC942}") = "Exercise 023", "Exercise 023\Exercise 023.vcxproj", "{242926BB-26C8-4AD3-97E1-0962C22C21FC}"
EndProject
Project("{8BC9CEB8-8B4A-11D0-8D11-00A0C91BC942}") = "Exercise 024", "Exercise 024\Exercise 024.vcxproj", "{0EA4BBF0-8BE4-4AEE-A756-FE2226A06D72}"
EndProject
Project("{8BC9CEB8-8B4A-11D0-8D11-00A0C91BC942}") = "Exercise 025", "Exercise 025\Exercise 025.vcxproj", "{65933C79-DD24-49F8-8A4D-526DC8D2E792}"
EndProject
Project("{8BC9CEB8-8B4A-11D0-8D11-00A0C91BC942}") = "Exercise 026", "Exercise 026\Exercise 026.vcxproj", "{9EC95A8C-DA4D-44EF-9552-72B77D4CFCB0}"
EndProject
Project("{8BC9CEB8-8B4A-11D0-8D11-00A0C91BC942}") = "Exercise 027", "Exercise 027\Exercise 027.vcxproj", "{122B2606-801F-4616-A0D2-4657AC2618BF}"
EndProject
Project("{8BC9CEB8-8B4A-11D0-8D11-00A0C91BC942}") = "Exercise 028", "Exercise 028\Exercise 028.vcxproj", "{116A8C96-94D0-4779-8AB0-DC23CADC7DE3}"
EndProject
Project("{8BC9CEB8-8B4A-11D0-8D11-00A0C91BC942}") = "Exercise 029", "Exercise 029\Exercise 029.vcxproj", "{01067DCF-476B-4820-B43D-B44BE0A12E8F}"
EndProject
Project("{8BC9CEB8-8B4A-11D0-8D11-00A0C91BC942}") = "Exercise 030", "Exercise 030\Exercise 030.vcxproj", "{76D85561-385C-4844-93CC-6FBEF5B334FC}"
EndProject
Project("{8BC9CEB8-8B4A-11D0-8D11-00A0C91BC942}") = "Exercise 031", "Exercise 031\Exercise 031.vcxproj", "{3E78A415-1C46-4926-9172-50A102B019EC}"
EndProject
Project("{8BC9CEB8-8B4A-11D0-8D11-00A0C91BC942}") = "Exercise 032", "Exercise 032\Exercise 032.vcxproj", "{BBAFFB00-B05E-4113-B6CF-2D4E2112F4C1}"
EndProject
Project("{8BC9CEB8-8B4A-11D0-8D11-00A0C91BC942}") = "Exercise 034", "Exercise 034\Exercise 034.vcxproj", "{F959B3BF-0D5B-4AED-909A-34E608EBD723}"
EndProject
Global
	GlobalSection(SolutionConfigurationPlatforms) = preSolution
		Debug|x64 = Debug|x64
		Debug|x86 = Debug|x86
		Release|x64 = Release|x64
		Release|x86 = Release|x86
	EndGlobalSection
	GlobalSection(ProjectConfigurationPlatforms) = postSolution
		{34E3A436-510D-432F-B8BA-B30ECD11E12C}.Debug|x64.ActiveCfg = Debug|x64
		{34E3A436-510D-432F-B8BA-B30ECD11E12C}.Debug|x64.Build.0 = Debug|x64
		{34E3A436-510D-432F-B8BA-B30ECD11E12C}.Debug|x86.ActiveCfg = Debug|Win32
		{34E3A436-510D-432F-B8BA-B30ECD11E12C}.Debug|x86.Build.0 = Debug|Win32
		{34E3A436-510D-432F-B8BA-B30ECD11E12C}.Release|x64.ActiveCfg = Release|x64
		{34E3A436-510D-432F-B8BA-B30ECD11E12C}.Release|x64.Build.0 = Release|x64
		{34E3A436-510D-432F-B8BA-B30ECD11E12C}.Release|x86.ActiveCfg = Release|Win32
		{34E3A436-510D-432F-B8BA-B30ECD11E12C}.Release|x86.Build.0 = Release|Win32
		{4E8B4451-F301-45AA-8037-925F81D71436}.Debug|x64.ActiveCfg = Debug|x64
		{4E8B4451-F301-45AA-8037-925F81D71436}.Debug|x64.Build.0 = Debug|x64
		{4E8B4451-F301-45AA-8037-925F81D71436}.Debug|x86.ActiveCfg = Debug|Win32
		{4E8B4451-F301-45AA-8037-925F81D71436}.Debug|x86.Build.0 = Debug|Win32
		{4E8B4451-F301-45AA-8037-925F81D71436}.Release|x64.ActiveCfg = Release|x64
		{4E8B4451-F301-45AA-8037-925F81D71436}.Release|x64.Build.0 = Release|x64
		{4E8B4451-F301-45AA-8037-925F81D71436}.Release|x86.ActiveCfg = Release|Win32
		{4E8B4451-F301-45AA-8037-925F81D71436}.Release|x86.Build.0 = Release|Win32
		{EF0DE768-C356-43EF-9C76-E70098BD1388}.Debug|x64.ActiveCfg = Debug|x64
		{EF0DE768-C356-43EF-9C76-E70098BD1388}.Debug|x64.Build.0 = Debug|x64
		{EF0DE768-C356-43EF-9C76-E70098BD1388}.Debug|x86.ActiveCfg = Debug|Win32
		{EF0DE768-C356-43EF-9C76-E70098BD1388}.Debug|x86.Build.0 = Debug|Win32
		{EF0DE768-C356-43EF-9C76-E70098BD1388}.Release|x64.ActiveCfg = Release|x64
		{EF0DE768-C356-43EF-9C76-E70098BD1388}.Release|x64.Build.0 = Release|x64
		{EF0DE768-C356-43EF-9C76-E70098BD1388}.Release|x86.ActiveCfg = Release|Win32
		{EF0DE768-C356-43EF-9C76-E70098BD1388}.Release|x86.Build.0 = Release|Win32
		{DC89930B-E61C-4C69-8F63-EEAF39FCBE2F}.Debug|x64.ActiveCfg = Debug|x64
		{DC89930B-E61C-4C69-8F63-EEAF39FCBE2F}.Debug|x64.Build.0 = Debug|x64
		{DC89930B-E61C-4C69-8F63-EEAF39FCBE2F}.Debug|x86.ActiveCfg = Debug|Win32
		{DC89930B-E61C-4C69-8F63-EEAF39FCBE2F}.Debug|x86.Build.0 = Debug|Win32
		{DC89930B-E61C-4C69-8F63-EEAF39FCBE2F}.Release|x64.ActiveCfg = Release|x64
		{DC89930B-E61C-4C69-8F63-EEAF39FCBE2F}.Release|x64.Build.0 = Release|x64
		{DC89930B-E61C-4C69-8F63-EEAF39FCBE2F}.Release|x86.ActiveCfg = Release|Win32
		{DC89930B-E61C-4C69-8F63-EEAF39FCBE2F}.Release|x86.Build.0 = Release|Win32
		{AA92613B-AD90-4762-8750-EE5FA3A7B30E}.Debug|x64.ActiveCfg = Debug|x64
		{AA92613B-AD90-4762-8750-EE5FA3A7B30E}.Debug|x64.Build.0 = Debug|x64
		{AA92613B-AD90-4762-8750-EE5FA3A7B30E}.Debug|x86.ActiveCfg = Debug|Win32
		{AA92613B-AD90-4762-8750-EE5FA3A7B30E}.Debug|x86.Build.0 = Debug|Win32
		{AA92613B-AD90-4762-8750-EE5FA3A7B30E}.Release|x64.ActiveCfg = Release|x64
		{AA92613B-AD90-4762-8750-EE5FA3A7B30E}.Release|x64.Build.0 = Release|x64
		{AA92613B-AD90-4762-8750-EE5FA3A7B30E}.Release|x86.ActiveCfg = Release|Win32
		{AA92613B-AD90-4762-8750-EE5FA3A7B30E}.Release|x86.Build.0 = Release|Win32
		{24E27FE9-FB97-48D6-8E4C-801300224D84}.Debug|x64.ActiveCfg = Debug|x64
		{24E27FE9-FB97-48D6-8E4C-801300224D84}.Debug|x64.Build.0 = Debug|x64
		{24E27FE9-FB97-48D6-8E4C-801300224D84}.Debug|x86.ActiveCfg = Debug|Win32
		{24E27FE9-FB97-48D6-8E4C-801300224D84}.Debug|x86.Build.0 = Debug|Win32
		{24E27FE9-FB97-48D6-8E4C-801300224D84}.Release|x64.ActiveCfg = Release|x64
		{24E27FE9-FB97-48D6-8E4C-801300224D84}.Release|x64.Build.0 = Release|x64
		{24E27FE9-FB97-48D6-8E4C-801300224D84}.Release|x86.ActiveCfg = Release|Win32
		{24E27FE9-FB97-48D6-8E4C-801300224D84}.Release|x86.Build.0 = Release|Win32
		{4FBF91FD-DBE9-4B34-B3B1-7F90666E3AEA}.Debug|x64.ActiveCfg = Debug|x64
		{4FBF91FD-DBE9-4B34-B3B1-7F90666E3AEA}.Debug|x64.Build.0 = Debug|x64
		{4FBF91FD-DBE9-4B34-B3B1-7F90666E3AEA}.Debug|x86.ActiveCfg = Debug|Win32
		{4FBF91FD-DBE9-4B34-B3B1-7F90666E3AEA}.Debug|x86.Build.0 = Debug|Win32
		{4FBF91FD-DBE9-4B34-B3B1-7F90666E3AEA}.Release|x64.ActiveCfg = Release|x64
		{4FBF91FD-DBE9-4B34-B3B1-7F90666E3AEA}.Release|x64.Build.0 = Release|x64
		{4FBF91FD-DBE9-4B34-B3B1-7F90666E3AEA}.Release|x86.ActiveCfg = Release|Win32
		{4FBF91FD-DBE9-4B34-B3B1-7F90666E3AEA}.Release|x86.Build.0 = Release|Win32
		{EB096BCA-4573-478F-804D-1DC5E73D0F3C}.Debug|x64.ActiveCfg = Debug|x64
		{EB096BCA-4573-478F-804D-1DC5E73D0F3C}.Debug|x64.Build.0 = Debug|x64
		{EB096BCA-4573-478F-804D-1DC5E73D0F3C}.Debug|x86.ActiveCfg = Debug|Win32
		{EB096BCA-4573-478F-804D-1DC5E73D0F3C}.Debug|x86.Build.0 = Debug|Win32
		{EB096BCA-4573-478F-804D-1DC5E73D0F3C}.Release|x64.ActiveCfg = Release|x64
		{EB096BCA-4573-478F-804D-1DC5E73D0F3C}.Release|x64.Build.0 = Release|x64
		{EB096BCA-4573-478F-804D-1DC5E73D0F3C}.Release|x86.ActiveCfg = Release|Win32
		{EB096BCA-4573-478F-804D-1DC5E73D0F3C}.Release|x86.Build.0 = Release|Win32
		{694D3882-F3EF-41EE-8EE1-55731E71E44D}.Debug|x64.ActiveCfg = Debug|x64
		{694D3882-F3EF-41EE-8EE1-55731E71E44D}.Debug|x64.Build.0 = Debug|x64
		{694D3882-F3EF-41EE-8EE1-55731E71E44D}.Debug|x86.ActiveCfg = Debug|Win32
		{694D3882-F3EF-41EE-8EE1-55731E71E44D}.Debug|x86.Build.0 = Debug|Win32
		{694D3882-F3EF-41EE-8EE1-55731E71E44D}.Release|x64.ActiveCfg = Release|x64
		{694D3882-F3EF-41EE-8EE1-55731E71E44D}.Release|x64.Build.0 = Release|x64
		{694D3882-F3EF-41EE-8EE1-55731E71E44D}.Release|x86.ActiveCfg = Release|Win32
		{694D3882-F3EF-41EE-8EE1-55731E71E44D}.Release|x86.Build.0 = Release|Win32
		{198B80F8-5457-4379-83F8-D8B1F9B2CD6B}.Debug|x64.ActiveCfg = Debug|x64
		{198B80F8-5457-4379-83F8-D8B1F9B2CD6B}.Debug|x64.Build.0 = Debug|x64
		{198B80F8-5457-4379-83F8-D8B1F9B2CD6B}.Debug|x86.ActiveCfg = Debug|Win32
		{198B80F8-5457-4379-83F8-D8B1F9B2CD6B}.Debug|x86.Build.0 = Debug|Win32
		{198B80F8-5457-4379-83F8-D8B1F9B2CD6B}.Release|x64.ActiveCfg = Release|x64
		{198B80F8-5457-4379-83F8-D8B1F9B2CD6B}.Release|x64.Build.0 = Release|x64
		{198B80F8-5457-4379-83F8-D8B1F9B2CD6B}.Release|x86.ActiveCfg = Release|Win32
		{198B80F8-5457-4379-83F8-D8B1F9B2CD6B}.Release|x86.Build.0 = Release|Win32
		{BDACB6FC-AA97-428D-AAAF-D35453CEFF76}.Debug|x64.ActiveCfg = Debug|x64
		{BDACB6FC-AA97-428D-AAAF-D35453CEFF76}.Debug|x64.Build.0 = Debug|x64
		{BDACB6FC-AA97-428D-AAAF-D35453CEFF76}.Debug|x86.ActiveCfg = Debug|Win32
		{BDACB6FC-AA97-428D-AAAF-D35453CEFF76}.Debug|x86.Build.0 = Debug|Win32
		{BDACB6FC-AA97-428D-AAAF-D35453CEFF76}.Release|x64.ActiveCfg = Release|x64
		{BDACB6FC-AA97-428D-AAAF-D35453CEFF76}.Release|x64.Build.0 = Release|x64
		{BDACB6FC-AA97-428D-AAAF-D35453CEFF76}.Release|x86.ActiveCfg = Release|Win32
		{BDACB6FC-AA97-428D-AAAF-D35453CEFF76}.Release|x86.Build.0 = Release|Win32
		{23BAB57A-84CA-4691-AAAA-65A4884EF585}.Debug|x64.ActiveCfg = Debug|x64
		{23BAB57A-84CA-4691-AAAA-65A4884EF585}.Debug|x64.Build.0 = Debug|x64
		{23BAB57A-84CA-4691-AAAA-65A4884EF585}.Debug|x86.ActiveCfg = Debug|Win32
		{23BAB57A-84CA-4691-AAAA-65A4884EF585}.Debug|x86.Build.0 = Debug|Win32
		{23BAB57A-84CA-4691-AAAA-65A4884EF585}.Release|x64.ActiveCfg = Release|x64
		{23BAB57A-84CA-4691-AAAA-65A4884EF585}.Release|x64.Build.0 = Release|x64
		{23BAB57A-84CA-4691-AAAA-65A4884EF585}.Release|x86.ActiveCfg = Release|Win32
		{23BAB57A-84CA-4691-AAAA-65A4884EF585}.Release|x86.Build.0 = Release|Win32
		{BAF32834-7E5C-48A2-A992-9C3403897C60}.Debug|x64.ActiveCfg = Debug|x64
		{BAF32834-7E5C-48A2-A992-9C3403897C60}.Debug|x64.Build.0 = Debug|x64
		{BAF32834-7E5C-48A2-A992-9C3403897C60}.Debug|x86.ActiveCfg = Debug|Win32
		{BAF32834-7E5C-48A2-A992-9C3403897C60}.Debug|x86.Build.0 = Debug|Win32
		{BAF32834-7E5C-48A2-A992-9C3403897C60}.Release|x64.ActiveCfg = Release|x64
		{BAF32834-7E5C-48A2-A992-9C3403897C60}.Release|x64.Build.0 = Release|x64
		{BAF32834-7E5C-48A2-A992-9C3403897C60}.Release|x86.ActiveCfg = Release|Win32
		{BAF32834-7E5C-48A2-A992-9C3403897C60}.Release|x86.Build.0 = Release|Win32
		{0C57FE24-52DC-4F6A-B944-8F326992B53E}.Debug|x64.ActiveCfg = Debug|x64
		{0C57FE24-52DC-4F6A-B944-8F326992B53E}.Debug|x64.Build.0 = Debug|x64
		{0C57FE24-52DC-4F6A-B944-8F326992B53E}.Debug|x86.ActiveCfg = Debug|Win32
		{0C57FE24-52DC-4F6A-B944-8F326992B53E}.Debug|x86.Build.0 = Debug|Win32
		{0C57FE24-52DC-4F6A-B944-8F326992B53E}.Release|x64.ActiveCfg = Release|x64
		{0C57FE24-52DC-4F6A-B944-8F326992B53E}.Release|x64.Build.0 = Release|x64
		{0C57FE24-52DC-4F6A-B944-8F326992B53E}.Release|x86.ActiveCfg = Release|Win32
		{0C57FE24-52DC-4F6A-B944-8F326992B53E}.Release|x86.Build.0 = Release|Win32
		{04EC1671-9AC5-4A58-8F2F-24BC98276434}.Debug|x64.ActiveCfg = Debug|x64
		{04EC1671-9AC5-4A58-8F2F-24BC98276434}.Debug|x64.Build.0 = Debug|x64
		{04EC1671-9AC5-4A58-8F2F-24BC98276434}.Debug|x86.ActiveCfg = Debug|Win32
		{04EC1671-9AC5-4A58-8F2F-24BC98276434}.Debug|x86.Build.0 = Debug|Win32
		{04EC1671-9AC5-4A58-8F2F-24BC98276434}.Release|x64.ActiveCfg = Release|x64
		{04EC1671-9AC5-4A58-8F2F-24BC98276434}.Release|x64.Build.0 = Release|x64
		{04EC1671-9AC5-4A58-8F2F-24BC98276434}.Release|x86.ActiveCfg = Release|Win32
		{04EC1671-9AC5-4A58-8F2F-24BC98276434}.Release|x86.Build.0 = Release|Win32
		{AFD37760-D822-40CD-BB7D-F570DF644017}.Debug|x64.ActiveCfg = Debug|x64
		{AFD37760-D822-40CD-BB7D-F570DF644017}.Debug|x64.Build.0 = Debug|x64
		{AFD37760-D822-40CD-BB7D-F570DF644017}.Debug|x86.ActiveCfg = Debug|Win32
		{AFD37760-D822-40CD-BB7D-F570DF644017}.Debug|x86.Build.0 = Debug|Win32
		{AFD37760-D822-40CD-BB7D-F570DF644017}.Release|x64.ActiveCfg = Release|x64
		{AFD37760-D822-40CD-BB7D-F570DF644017}.Release|x64.Build.0 = Release|x64
		{AFD37760-D822-40CD-BB7D-F570DF644017}.Release|x86.ActiveCfg = Release|Win32
		{AFD37760-D822-40CD-BB7D-F570DF644017}.Release|x86.Build.0 = Release|Win32
		{D5B422B9-395A-4B36-83F4-8E9EB547D8C8}.Debug|x64.ActiveCfg = Debug|x64
		{D5B422B9-395A-4B36-83F4-8E9EB547D8C8}.Debug|x64.Build.0 = Debug|x64
		{D5B422B9-395A-4B36-83F4-8E9EB547D8C8}.Debug|x86.ActiveCfg = Debug|Win32
		{D5B422B9-395A-4B36-83F4-8E9EB547D8C8}.Debug|x86.Build.0 = Debug|Win32
		{D5B422B9-395A-4B36-83F4-8E9EB547D8C8}.Release|x64.ActiveCfg = Release|x64
		{D5B422B9-395A-4B36-83F4-8E9EB547D8C8}.Release|x64.Build.0 = Release|x64
		{D5B422B9-395A-4B36-83F4-8E9EB547D8C8}.Release|x86.ActiveCfg = Release|Win32
		{D5B422B9-395A-4B36-83F4-8E9EB547D8C8}.Release|x86.Build.0 = Release|Win32
		{215520AB-D402-4753-B52A-DFD0401C7CC6}.Debug|x64.ActiveCfg = Debug|x64
		{215520AB-D402-4753-B52A-DFD0401C7CC6}.Debug|x64.Build.0 = Debug|x64
		{215520AB-D402-4753-B52A-DFD0401C7CC6}.Debug|x86.ActiveCfg = Debug|Win32
		{215520AB-D402-4753-B52A-DFD0401C7CC6}.Debug|x86.Build.0 = Debug|Win32
		{215520AB-D402-4753-B52A-DFD0401C7CC6}.Release|x64.ActiveCfg = Release|x64
		{215520AB-D402-4753-B52A-DFD0401C7CC6}.Release|x64.Build.0 = Release|x64
		{215520AB-D402-4753-B52A-DFD0401C7CC6}.Release|x86.ActiveCfg = Release|Win32
		{215520AB-D402-4753-B52A-DFD0401C7CC6}.Release|x86.Build.0 = Release|Win32
		{FD9BD9F0-7357-4BF4-BE79-4116F2C63717}.Debug|x64.ActiveCfg = Debug|x64
		{FD9BD9F0-7357-4BF4-BE79-4116F2C63717}.Debug|x64.Build.0 = Debug|x64
		{FD9BD9F0-7357-4BF4-BE79-4116F2C63717}.Debug|x86.ActiveCfg = Debug|Win32
		{FD9BD9F0-7357-4BF4-BE79-4116F2C63717}.Debug|x86.Build.0 = Debug|Win32
		{FD9BD9F0-7357-4BF4-BE79-4116F2C63717}.Release|x64.ActiveCfg = Release|x64
		{FD9BD9F0-7357-4BF4-BE79-4116F2C63717}.Release|x64.Build.0 = Release|x64
		{FD9BD9F0-7357-4BF4-BE79-4116F2C63717}.Release|x86.ActiveCfg = Release|Win32
		{FD9BD9F0-7357-4BF4-BE79-4116F2C63717}.Release|x86.Build.0 = Release|Win32
		{36B87F86-D959-4775-BAD6-8D87B67F7615}.Debug|x64.ActiveCfg = Debug|x64
		{36B87F86-D959-4775-BAD6-8D87B67F7615}.Debug|x64.Build.0 = Debug|x64
		{36B87F86-D959-4775-BAD6-8D87B67F7615}.Debug|x86.ActiveCfg = Debug|Win32
		{36B87F86-D959-4775-BAD6-8D87B67F7615}.Debug|x86.Build.0 = Debug|Win32
		{36B87F86-D959-4775-BAD6-8D87B67F7615}.Release|x64.ActiveCfg = Release|x64
		{36B87F86-D959-4775-BAD6-8D87B67F7615}.Release|x64.Build.0 = Release|x64
		{36B87F86-D959-4775-BAD6-8D87B67F7615}.Release|x86.ActiveCfg = Release|Win32
		{36B87F86-D959-4775-BAD6-8D87B67F7615}.Release|x86.Build.0 = Release|Win32
		{D7B6BDE5-AAD4-414B-B043-6C0574935D2F}.Debug|x64.ActiveCfg = Debug|x64
		{D7B6BDE5-AAD4-414B-B043-6C0574935D2F}.Debug|x64.Build.0 = Debug|x64
		{D7B6BDE5-AAD4-414B-B043-6C0574935D2F}.Debug|x86.ActiveCfg = Debug|Win32
		{D7B6BDE5-AAD4-414B-B043-6C0574935D2F}.Debug|x86.Build.0 = Debug|Win32
		{D7B6BDE5-AAD4-414B-B043-6C0574935D2F}.Release|x64.ActiveCfg = Release|x64
		{D7B6BDE5-AAD4-414B-B043-6C0574935D2F}.Release|x64.Build.0 = Release|x64
		{D7B6BDE5-AAD4-414B-B043-6C0574935D2F}.Release|x86.ActiveCfg = Release|Win32
		{D7B6BDE5-AAD4-414B-B043-6C0574935D2F}.Release|x86.Build.0 = Release|Win32
		{C281DA43-A3B9-4AE7-8B20-F883C892A6B5}.Debug|x64.ActiveCfg = Debug|x64
		{C281DA43-A3B9-4AE7-8B20-F883C892A6B5}.Debug|x64.Build.0 = Debug|x64
		{C281DA43-A3B9-4AE7-8B20-F883C892A6B5}.Debug|x86.ActiveCfg = Debug|Win32
		{C281DA43-A3B9-4AE7-8B20-F883C892A6B5}.Debug|x86.Build.0 = Debug|Win32
		{C281DA43-A3B9-4AE7-8B20-F883C892A6B5}.Release|x64.ActiveCfg = Release|x64
		{C281DA43-A3B9-4AE7-8B20-F883C892A6B5}.Release|x64.Build.0 = Release|x64
		{C281DA43-A3B9-4AE7-8B20-F883C892A6B5}.Release|x86.ActiveCfg = Release|Win32
		{C281DA43-A3B9-4AE7-8B20-F883C892A6B5}.Release|x86.Build.0 = Release|Win32
		{FE4E943E-B694-4B03-A1C7-42DF2FB076A8}.Debug|x64.ActiveCfg = Debug|x64
		{FE4E943E-B694-4B03-A1C7-42DF2FB076A8}.Debug|x64.Build.0 = Debug|x64
		{FE4E943E-B694-4B03-A1C7-42DF2FB076A8}.Debug|x86.ActiveCfg = Debug|Win32
		{FE4E943E-B694-4B03-A1C7-42DF2FB076A8}.Debug|x86.Build.0 = Debug|Win32
		{FE4E943E-B694-4B03-A1C7-42DF2FB076A8}.Release|x64.ActiveCfg = Release|x64
		{FE4E943E-B694-4B03-A1C7-42DF2FB076A8}.Release|x64.Build.0 = Release|x64
		{FE4E943E-B694-4B03-A1C7-42DF2FB076A8}.Release|x86.ActiveCfg = Release|Win32
		{FE4E943E-B694-4B03-A1C7-42DF2FB076A8}.Release|x86.Build.0 = Release|Win32
		{E312858E-3BC3-44FE-81B0-B40B163FBE81}.Debug|x64.ActiveCfg = Debug|x64
		{E312858E-3BC3-44FE-81B0-B40B163FBE81}.Debug|x64.Build.0 = Debug|x64
		{E312858E-3BC3-44FE-81B0-B40B163FBE81}.Debug|x86.ActiveCfg = Debug|Win32
		{E312858E-3BC3-44FE-81B0-B40B163FBE81}.Debug|x86.Build.0 = Debug|Win32
		{E312858E-3BC3-44FE-81B0-B40B163FBE81}.Release|x64.ActiveCfg = Release|x64
		{E312858E-3BC3-44FE-81B0-B40B163FBE81}.Release|x64.Build.0 = Release|x64
		{E312858E-3BC3-44FE-81B0-B40B163FBE81}.Release|x86.ActiveCfg = Release|Win32
		{E312858E-3BC3-44FE-81B0-B40B163FBE81}.Release|x86.Build.0 = Release|Win32
		{D15D9C1F-945B-443E-BD98-954ACB17D633}.Debug|x64.ActiveCfg = Debug|x64
		{D15D9C1F-945B-443E-BD98-954ACB17D633}.Debug|x64.Build.0 = Debug|x64
		{D15D9C1F-945B-443E-BD98-954ACB17D633}.Debug|x86.ActiveCfg = Debug|Win32
		{D15D9C1F-945B-443E-BD98-954ACB17D633}.Debug|x86.Build.0 = Debug|Win32
		{D15D9C1F-945B-443E-BD98-954ACB17D633}.Release|x64.ActiveCfg = Release|x64
		{D15D9C1F-945B-443E-BD98-954ACB17D633}.Release|x64.Build.0 = Release|x64
		{D15D9C1F-945B-443E-BD98-954ACB17D633}.Release|x86.ActiveCfg = Release|Win32
		{D15D9C1F-945B-443E-BD98-954ACB17D633}.Release|x86.Build.0 = Release|Win32
		{242926BB-26C8-4AD3-97E1-0962C22C21FC}.Debug|x64.ActiveCfg = Debug|x64
		{242926BB-26C8-4AD3-97E1-0962C22C21FC}.Debug|x64.Build.0 = Debug|x64
		{242926BB-26C8-4AD3-97E1-0962C22C21FC}.Debug|x86.ActiveCfg = Debug|Win32
		{242926BB-26C8-4AD3-97E1-0962C22C21FC}.Debug|x86.Build.0 = Debug|Win32
		{242926BB-26C8-4AD3-97E1-0962C22C21FC}.Release|x64.ActiveCfg = Release|x64
		{242926BB-26C8-4AD3-97E1-0962C22C21FC}.Release|x64.Build.0 = Release|x64
		{242926BB-26C8-4AD3-97E1-0962C22C21FC}.Release|x86.ActiveCfg = Release|Win32
		{242926BB-26C8-4AD3-97E1-0962C22C21FC}.Release|x86.Build.0 = Release|Win32
		{0EA4BBF0-8BE4-4AEE-A756-FE2226A06D72}.Debug|x64.ActiveCfg = Debug|x64
		{0EA4BBF0-8BE4-4AEE-A756-FE2226A06D72}.Debug|x64.Build.0 = Debug|x64
		{0EA4BBF0-8BE4-4AEE-A756-FE2226A06D72}.Debug|x86.ActiveCfg = Debug|Win32
		{0EA4BBF0-8BE4-4AEE-A756-FE2226A06D72}.Debug|x86.Build.0 = Debug|Win32
		{0EA4BBF0-8BE4-4AEE-A756-FE2226A06D72}.Release|x64.ActiveCfg = Release|x64
		{0EA4BBF0-8BE4-4AEE-A756-FE2226A06D72}.Release|x64.Build.0 = Release|x64
		{0EA4BBF0-8BE4-4AEE-A756-FE2226A06D72}.Release|x86.ActiveCfg = Release|Win32
		{0EA4BBF0-8BE4-4AEE-A756-FE2226A06D72}.Release|x86.Build.0 = Release|Win32
		{65933C79-DD24-49F8-8A4D-526DC8D2E792}.Debug|x64.ActiveCfg = Debug|x64
		{65933C79-DD24-49F8-8A4D-526DC8D2E792}.Debug|x64.Build.0 = Debug|x64
		{65933C79-DD24-49F8-8A4D-526DC8D2E792}.Debug|x86.ActiveCfg = Debug|Win32
		{65933C79-DD24-49F8-8A4D-526DC8D2E792}.Debug|x86.Build.0 = Debug|Win32
		{65933C79-DD24-49F8-8A4D-526DC8D2E792}.Release|x64.ActiveCfg = Release|x64
		{65933C79-DD24-49F8-8A4D-526DC8D2E792}.Release|x64.Build.0 = Release|x64
		{65933C79-DD24-49F8-8A4D-526DC8D2E792}.Release|x86.ActiveCfg = Release|Win32
		{65933C79-DD24-49F8-8A4D-526DC8D2E792}.Release|x86.Build.0 = Release|Win32
		{9EC95A8C-DA4D-44EF-9552-72B77D4CFCB0}.Debug|x64.ActiveCfg = Debug|x64
		{9EC95A8C-DA4D-44EF-9552-72B77D4CFCB0}.Debug|x64.Build.0 = Debug|x64
		{9EC95A8C-DA4D-44EF-9552-72B77D4CFCB0}.Debug|x86.ActiveCfg = Debug|Win32
		{9EC95A8C-DA4D-44EF-9552-72B77D4CFCB0}.Debug|x86.Build.0 = Debug|Win32
		{9EC95A8C-DA4D-44EF-9552-72B77D4CFCB0}.Release|x64.ActiveCfg = Release|x64
		{9EC95A8C-DA4D-44EF-9552-72B77D4CFCB0}.Release|x64.Build.0 = Release|x64
		{9EC95A8C-DA4D-44EF-9552-72B77D4CFCB0}.Release|x86.ActiveCfg = Release|Win32
		{9EC95A8C-DA4D-44EF-9552-72B77D4CFCB0}.Release|x86.Build.0 = Release|Win32
		{122B2606-801F-4616-A0D2-4657AC2618BF}.Debug|x64.ActiveCfg = Debug|x64
		{122B2606-801F-4616-A0D2-4657AC2618BF}.Debug|x64.Build.0 = Debug|x64
		{122B2606-801F-4616-A0D2-4657AC2618BF}.Debug|x86.ActiveCfg = Debug|Win32
		{122B2606-801F-4616-A0D2-4657AC2618BF}.Debug|x86.Build.0 = Debug|Win32
		{122B2606-801F-4616-A0D2-4657AC2618BF}.Release|x64.ActiveCfg = Release|x64
		{122B2606-801F-4616-A0D2-4657AC2618BF}.Release|x64.Build.0 = Release|x64
		{122B2606-801F-4616-A0D2-4657AC2618BF}.Release|x86.ActiveCfg = Release|Win32
		{122B2606-801F-4616-A0D2-4657AC2618BF}.Release|x86.Build.0 = Release|Win32
		{116A8C96-94D0-4779-8AB0-DC23CADC7DE3}.Debug|x64.ActiveCfg = Debug|x64
		{116A8C96-94D0-4779-8AB0-DC23CADC7DE3}.Debug|x64.Build.0 = Debug|x64
		{116A8C96-94D0-4779-8AB0-DC23CADC7DE3}.Debug|x86.ActiveCfg = Debug|Win32
		{116A8C96-94D0-4779-8AB0-DC23CADC7DE3}.Debug|x86.Build.0 = Debug|Win32
		{116A8C96-94D0-4779-8AB0-DC23CADC7DE3}.Release|x64.ActiveCfg = Release|x64
		{116A8C96-94D0-4779-8AB0-DC23CADC7DE3}.Release|x64.Build.0 = Release|x64
		{116A8C96-94D0-4779-8AB0-DC23CADC7DE3}.Release|x86.ActiveCfg = Release|Win32
		{116A8C96-94D0-4779-8AB0-DC23CADC7DE3}.Release|x86.Build.0 = Release|Win32
		{01067DCF-476B-4820-B43D-B44BE0A12E8F}.Debug|x64.ActiveCfg = Debug|x64
		{01067DCF-476B-4820-B43D-B44BE0A12E8F}.Debug|x64.Build.0 = Debug|x64
		{01067DCF-476B-4820-B43D-B44BE0A12E8F}.Debug|x86.ActiveCfg = Debug|Win32
		{01067DCF-476B-4820-B43D-B44BE0A12E8F}.Debug|x86.Build.0 = Debug|Win32
		{01067DCF-476B-4820-B43D-B44BE0A12E8F}.Release|x64.ActiveCfg = Release|x64
		{01067DCF-476B-4820-B43D-B44BE0A12E8F}.Release|x64.Build.0 = Release|x64
		{01067DCF-476B-4820-B43D-B44BE0A12E8F}.Release|x86.ActiveCfg = Release|Win32
		{01067DCF-476B-4820-B43D-B44BE0A12E8F}.Release|x86.Build.0 = Release|Win32
		{76D85561-385C-4844-93CC-6FBEF5B334FC}.Debug|x64.ActiveCfg = Debug|x64
		{76D85561-385C-4844-93CC-6FBEF5B334FC}.Debug|x64.Build.0 = Debug|x64
		{76D85561-385C-4844-93CC-6FBEF5B334FC}.Debug|x86.ActiveCfg = Debug|Win32
		{76D85561-385C-4844-93CC-6FBEF5B334FC}.Debug|x86.Build.0 = Debug|Win32
		{76D85561-385C-4844-93CC-6FBEF5B334FC}.Release|x64.ActiveCfg = Release|x64
		{76D85561-385C-4844-93CC-6FBEF5B334FC}.Release|x64.Build.0 = Release|x64
		{76D85561-385C-4844-93CC-6FBEF5B334FC}.Release|x86.ActiveCfg = Release|Win32
		{76D85561-385C-4844-93CC-6FBEF5B334FC}.Release|x86.Build.0 = Release|Win32
		{3E78A415-1C46-4926-9172-50A102B019EC}.Debug|x64.ActiveCfg = Debug|x64
		{3E78A415-1C46-4926-9172-50A102B019EC}.Debug|x64.Build.0 = Debug|x64
		{3E78A415-1C46-4926-9172-50A102B019EC}.Debug|x86.ActiveCfg = Debug|Win32
		{3E78A415-1C46-4926-9172-50A102B019EC}.Debug|x86.Build.0 = Debug|Win32
		{3E78A415-1C46-4926-9172-50A102B019EC}.Release|x64.ActiveCfg = Release|x64
		{3E78A415-1C46-4926-9172-50A102B019EC}.Release|x64.Build.0 = Release|x64
		{3E78A415-1C46-4926-9172-50A102B019EC}.Release|x86.ActiveCfg = Release|Win32
		{3E78A415-1C46-4926-9172-50A102B019EC}.Release|x86.Build.0 = Release|Win32
		{BBAFFB00-B05E-4113-B6CF-2D4E2112F4C1}.Debug|x64.ActiveCfg = Debug|x64
		{BBAFFB00-B05E-4113-B6CF-2D4E2112F4C1}.Debug|x64.Build.0 = Debug|x64
		{BBAFFB00-B05E-4113-B6CF-2D4E2112F4C1}.Debug|x86.ActiveCfg = Debug|Win32
		{BBAFFB00-B05E-4113-B6CF-2D4E2112F4C1}.Debug|x86.Build.0 = Debug|Win32
		{BBAFFB00-B05E-4113-B6CF-2D4E2112F4C1}.Release|x64.ActiveCfg = Release|x64
		{BBAFFB00-B05E-4113-B6CF-2D4E2112F4C1}.Release|x64.Build.0 = Release|x64
		{BBAFFB00-B05E-4113-B6CF-2D4E2112F4C1}.Release|x86.ActiveCfg = Release|Win32
		{BBAFFB00-B05E-4113-B6CF-2D4E2112F4C1}.Release|x86.Build.0 = Release|Win32
		{F959B3BF-0D5B-4AED-909A-34E608EBD723}.Debug|x64.ActiveCfg = Debug|x64
		{F959B3BF-0D5B-4AED-909A-34E608EBD723}.Debug|x64.Build.0 = Debug|x64
		{F959B3BF-0D5B-4AED-909A-34E608EBD723}.Debug|x86.ActiveCfg = Debug|Win32
		{F959B3BF-0D5B-4AED-909A-34E608EBD723}.Debug|x86.Build.0 = Debug|Win32
		{F959B3BF-0D5B-4AED-909A-34E608EBD723}.Release|x64.ActiveCfg = Release|x64
		{F959B3BF-0D5B-4AED-909A-34E608EBD723}.Release|x64.Build.0 = Release|x64
		{F959B3BF-0D5B-4AED-909A-34E608EBD723}.Release|x86.ActiveCfg = Release|Win32
		{F959B3BF-0D5B-4AED-909A-34E608EBD723}.Release|x86.Build.0 = Release|Win32
	EndGlobalSection
	GlobalSection(SolutionProperties) = preSolution
		HideSolutionNode = FALSE
	EndGlobalSection
EndGlobal
