
Microsoft Visual Studio Solution File, Format Version 12.00
# Visual Studio 14
VisualStudioVersion = 14.0.25420.1
MinimumVisualStudioVersion = 10.0.40219.1
Project("{8BC9CEB8-8B4A-11D0-8D11-00A0C91BC942}") = "Chapter 001", "Chapter 001\Chapter 001.vcxproj", "{20BEAA92-3620-4B56-9CA6-A7632D450236}"
EndProject
Project("{8BC9CEB8-8B4A-11D0-8D11-00A0C91BC942}") = "Example 001", "Example 001\Example 001.vcxproj", "{83C137ED-1990-4953-B409-6BCDD8261325}"
EndProject
Project("{8BC9CEB8-8B4A-11D0-8D11-00A0C91BC942}") = "Example 002", "Example 002\Example 002.vcxproj", "{D60A80C2-3070-4440-B627-587A062B57EF}"
EndProject
Project("{8BC9CEB8-8B4A-11D0-8D11-00A0C91BC942}") = "Example 003", "Example 003\Example 003.vcxproj", "{2A8536AC-2E46-4E0F-AADD-54F4A9FEDAB0}"
EndProject
Project("{8BC9CEB8-8B4A-11D0-8D11-00A0C91BC942}") = "Example 004", "Example 004\Example 004.vcxproj", "{D7DC3C3D-4156-4561-9389-073FA91755EE}"
EndProject
Project("{8BC9CEB8-8B4A-11D0-8D11-00A0C91BC942}") = "Example 005", "Example 005\Example 005.vcxproj", "{B8C0B3AD-63AC-49F6-87C4-D7CA7E7A8E06}"
EndProject
Project("{8BC9CEB8-8B4A-11D0-8D11-00A0C91BC942}") = "Example 006", "Example 006\Example 006.vcxproj", "{61E05D8C-ED80-4A85-BEE7-222F918D4A98}"
EndProject
Project("{8BC9CEB8-8B4A-11D0-8D11-00A0C91BC942}") = "Exercise 001", "Exercise 001\Exercise 001.vcxproj", "{B257D4D4-3593-423E-833D-199E91F0FF84}"
EndProject
Project("{8BC9CEB8-8B4A-11D0-8D11-00A0C91BC942}") = "Exercise 002", "Exercise 002\Exercise 002.vcxproj", "{690F61FD-010F-472B-AA35-F1AB5F68E3F0}"
EndProject
Project("{8BC9CEB8-8B4A-11D0-8D11-00A0C91BC942}") = "Exercise 003", "Exercise 003\Exercise 003.vcxproj", "{4A324FA6-A21C-4068-8D48-648F40124A85}"
EndProject
Project("{8BC9CEB8-8B4A-11D0-8D11-00A0C91BC942}") = "Exercise 004", "Exercise 004\Exercise 004.vcxproj", "{7408E5C2-9405-421C-8140-963109E521A9}"
EndProject
Project("{8BC9CEB8-8B4A-11D0-8D11-00A0C91BC942}") = "Exercise 005", "Exercise 005\Exercise 005.vcxproj", "{3B28B048-F8DC-4243-8E88-3CA946A2A7B9}"
EndProject
Project("{8BC9CEB8-8B4A-11D0-8D11-00A0C91BC942}") = "Exercise 006", "Exercise 006\Exercise 006.vcxproj", "{8BC4AE7E-09F5-46E1-97AF-42678727B85D}"
EndProject
Global
	GlobalSection(SolutionConfigurationPlatforms) = preSolution
		Debug|x64 = Debug|x64
		Debug|x86 = Debug|x86
		Release|x64 = Release|x64
		Release|x86 = Release|x86
	EndGlobalSection
	GlobalSection(ProjectConfigurationPlatforms) = postSolution
		{20BEAA92-3620-4B56-9CA6-A7632D450236}.Debug|x64.ActiveCfg = Debug|x64
		{20BEAA92-3620-4B56-9CA6-A7632D450236}.Debug|x64.Build.0 = Debug|x64
		{20BEAA92-3620-4B56-9CA6-A7632D450236}.Debug|x86.ActiveCfg = Debug|Win32
		{20BEAA92-3620-4B56-9CA6-A7632D450236}.Debug|x86.Build.0 = Debug|Win32
		{20BEAA92-3620-4B56-9CA6-A7632D450236}.Release|x64.ActiveCfg = Release|x64
		{20BEAA92-3620-4B56-9CA6-A7632D450236}.Release|x64.Build.0 = Release|x64
		{20BEAA92-3620-4B56-9CA6-A7632D450236}.Release|x86.ActiveCfg = Release|Win32
		{20BEAA92-3620-4B56-9CA6-A7632D450236}.Release|x86.Build.0 = Release|Win32
		{83C137ED-1990-4953-B409-6BCDD8261325}.Debug|x64.ActiveCfg = Debug|x64
		{83C137ED-1990-4953-B409-6BCDD8261325}.Debug|x64.Build.0 = Debug|x64
		{83C137ED-1990-4953-B409-6BCDD8261325}.Debug|x86.ActiveCfg = Debug|Win32
		{83C137ED-1990-4953-B409-6BCDD8261325}.Debug|x86.Build.0 = Debug|Win32
		{83C137ED-1990-4953-B409-6BCDD8261325}.Release|x64.ActiveCfg = Release|x64
		{83C137ED-1990-4953-B409-6BCDD8261325}.Release|x64.Build.0 = Release|x64
		{83C137ED-1990-4953-B409-6BCDD8261325}.Release|x86.ActiveCfg = Release|Win32
		{83C137ED-1990-4953-B409-6BCDD8261325}.Release|x86.Build.0 = Release|Win32
		{D60A80C2-3070-4440-B627-587A062B57EF}.Debug|x64.ActiveCfg = Debug|x64
		{D60A80C2-3070-4440-B627-587A062B57EF}.Debug|x64.Build.0 = Debug|x64
		{D60A80C2-3070-4440-B627-587A062B57EF}.Debug|x86.ActiveCfg = Debug|Win32
		{D60A80C2-3070-4440-B627-587A062B57EF}.Debug|x86.Build.0 = Debug|Win32
		{D60A80C2-3070-4440-B627-587A062B57EF}.Release|x64.ActiveCfg = Release|x64
		{D60A80C2-3070-4440-B627-587A062B57EF}.Release|x64.Build.0 = Release|x64
		{D60A80C2-3070-4440-B627-587A062B57EF}.Release|x86.ActiveCfg = Release|Win32
		{D60A80C2-3070-4440-B627-587A062B57EF}.Release|x86.Build.0 = Release|Win32
		{2A8536AC-2E46-4E0F-AADD-54F4A9FEDAB0}.Debug|x64.ActiveCfg = Debug|x64
		{2A8536AC-2E46-4E0F-AADD-54F4A9FEDAB0}.Debug|x64.Build.0 = Debug|x64
		{2A8536AC-2E46-4E0F-AADD-54F4A9FEDAB0}.Debug|x86.ActiveCfg = Debug|Win32
		{2A8536AC-2E46-4E0F-AADD-54F4A9FEDAB0}.Debug|x86.Build.0 = Debug|Win32
		{2A8536AC-2E46-4E0F-AADD-54F4A9FEDAB0}.Release|x64.ActiveCfg = Release|x64
		{2A8536AC-2E46-4E0F-AADD-54F4A9FEDAB0}.Release|x64.Build.0 = Release|x64
		{2A8536AC-2E46-4E0F-AADD-54F4A9FEDAB0}.Release|x86.ActiveCfg = Release|Win32
		{2A8536AC-2E46-4E0F-AADD-54F4A9FEDAB0}.Release|x86.Build.0 = Release|Win32
		{D7DC3C3D-4156-4561-9389-073FA91755EE}.Debug|x64.ActiveCfg = Debug|x64
		{D7DC3C3D-4156-4561-9389-073FA91755EE}.Debug|x64.Build.0 = Debug|x64
		{D7DC3C3D-4156-4561-9389-073FA91755EE}.Debug|x86.ActiveCfg = Debug|Win32
		{D7DC3C3D-4156-4561-9389-073FA91755EE}.Debug|x86.Build.0 = Debug|Win32
		{D7DC3C3D-4156-4561-9389-073FA91755EE}.Release|x64.ActiveCfg = Release|x64
		{D7DC3C3D-4156-4561-9389-073FA91755EE}.Release|x64.Build.0 = Release|x64
		{D7DC3C3D-4156-4561-9389-073FA91755EE}.Release|x86.ActiveCfg = Release|Win32
		{D7DC3C3D-4156-4561-9389-073FA91755EE}.Release|x86.Build.0 = Release|Win32
		{B8C0B3AD-63AC-49F6-87C4-D7CA7E7A8E06}.Debug|x64.ActiveCfg = Debug|x64
		{B8C0B3AD-63AC-49F6-87C4-D7CA7E7A8E06}.Debug|x64.Build.0 = Debug|x64
		{B8C0B3AD-63AC-49F6-87C4-D7CA7E7A8E06}.Debug|x86.ActiveCfg = Debug|Win32
		{B8C0B3AD-63AC-49F6-87C4-D7CA7E7A8E06}.Debug|x86.Build.0 = Debug|Win32
		{B8C0B3AD-63AC-49F6-87C4-D7CA7E7A8E06}.Release|x64.ActiveCfg = Release|x64
		{B8C0B3AD-63AC-49F6-87C4-D7CA7E7A8E06}.Release|x64.Build.0 = Release|x64
		{B8C0B3AD-63AC-49F6-87C4-D7CA7E7A8E06}.Release|x86.ActiveCfg = Release|Win32
		{B8C0B3AD-63AC-49F6-87C4-D7CA7E7A8E06}.Release|x86.Build.0 = Release|Win32
		{61E05D8C-ED80-4A85-BEE7-222F918D4A98}.Debug|x64.ActiveCfg = Debug|x64
		{61E05D8C-ED80-4A85-BEE7-222F918D4A98}.Debug|x64.Build.0 = Debug|x64
		{61E05D8C-ED80-4A85-BEE7-222F918D4A98}.Debug|x86.ActiveCfg = Debug|Win32
		{61E05D8C-ED80-4A85-BEE7-222F918D4A98}.Debug|x86.Build.0 = Debug|Win32
		{61E05D8C-ED80-4A85-BEE7-222F918D4A98}.Release|x64.ActiveCfg = Release|x64
		{61E05D8C-ED80-4A85-BEE7-222F918D4A98}.Release|x64.Build.0 = Release|x64
		{61E05D8C-ED80-4A85-BEE7-222F918D4A98}.Release|x86.ActiveCfg = Release|Win32
		{61E05D8C-ED80-4A85-BEE7-222F918D4A98}.Release|x86.Build.0 = Release|Win32
		{B257D4D4-3593-423E-833D-199E91F0FF84}.Debug|x64.ActiveCfg = Debug|x64
		{B257D4D4-3593-423E-833D-199E91F0FF84}.Debug|x64.Build.0 = Debug|x64
		{B257D4D4-3593-423E-833D-199E91F0FF84}.Debug|x86.ActiveCfg = Debug|Win32
		{B257D4D4-3593-423E-833D-199E91F0FF84}.Debug|x86.Build.0 = Debug|Win32
		{B257D4D4-3593-423E-833D-199E91F0FF84}.Release|x64.ActiveCfg = Release|x64
		{B257D4D4-3593-423E-833D-199E91F0FF84}.Release|x64.Build.0 = Release|x64
		{B257D4D4-3593-423E-833D-199E91F0FF84}.Release|x86.ActiveCfg = Release|Win32
		{B257D4D4-3593-423E-833D-199E91F0FF84}.Release|x86.Build.0 = Release|Win32
		{690F61FD-010F-472B-AA35-F1AB5F68E3F0}.Debug|x64.ActiveCfg = Debug|x64
		{690F61FD-010F-472B-AA35-F1AB5F68E3F0}.Debug|x64.Build.0 = Debug|x64
		{690F61FD-010F-472B-AA35-F1AB5F68E3F0}.Debug|x86.ActiveCfg = Debug|Win32
		{690F61FD-010F-472B-AA35-F1AB5F68E3F0}.Debug|x86.Build.0 = Debug|Win32
		{690F61FD-010F-472B-AA35-F1AB5F68E3F0}.Release|x64.ActiveCfg = Release|x64
		{690F61FD-010F-472B-AA35-F1AB5F68E3F0}.Release|x64.Build.0 = Release|x64
		{690F61FD-010F-472B-AA35-F1AB5F68E3F0}.Release|x86.ActiveCfg = Release|Win32
		{690F61FD-010F-472B-AA35-F1AB5F68E3F0}.Release|x86.Build.0 = Release|Win32
		{4A324FA6-A21C-4068-8D48-648F40124A85}.Debug|x64.ActiveCfg = Debug|x64
		{4A324FA6-A21C-4068-8D48-648F40124A85}.Debug|x64.Build.0 = Debug|x64
		{4A324FA6-A21C-4068-8D48-648F40124A85}.Debug|x86.ActiveCfg = Debug|Win32
		{4A324FA6-A21C-4068-8D48-648F40124A85}.Debug|x86.Build.0 = Debug|Win32
		{4A324FA6-A21C-4068-8D48-648F40124A85}.Release|x64.ActiveCfg = Release|x64
		{4A324FA6-A21C-4068-8D48-648F40124A85}.Release|x64.Build.0 = Release|x64
		{4A324FA6-A21C-4068-8D48-648F40124A85}.Release|x86.ActiveCfg = Release|Win32
		{4A324FA6-A21C-4068-8D48-648F40124A85}.Release|x86.Build.0 = Release|Win32
		{7408E5C2-9405-421C-8140-963109E521A9}.Debug|x64.ActiveCfg = Debug|x64
		{7408E5C2-9405-421C-8140-963109E521A9}.Debug|x64.Build.0 = Debug|x64
		{7408E5C2-9405-421C-8140-963109E521A9}.Debug|x86.ActiveCfg = Debug|Win32
		{7408E5C2-9405-421C-8140-963109E521A9}.Debug|x86.Build.0 = Debug|Win32
		{7408E5C2-9405-421C-8140-963109E521A9}.Release|x64.ActiveCfg = Release|x64
		{7408E5C2-9405-421C-8140-963109E521A9}.Release|x64.Build.0 = Release|x64
		{7408E5C2-9405-421C-8140-963109E521A9}.Release|x86.ActiveCfg = Release|Win32
		{7408E5C2-9405-421C-8140-963109E521A9}.Release|x86.Build.0 = Release|Win32
		{3B28B048-F8DC-4243-8E88-3CA946A2A7B9}.Debug|x64.ActiveCfg = Debug|x64
		{3B28B048-F8DC-4243-8E88-3CA946A2A7B9}.Debug|x64.Build.0 = Debug|x64
		{3B28B048-F8DC-4243-8E88-3CA946A2A7B9}.Debug|x86.ActiveCfg = Debug|Win32
		{3B28B048-F8DC-4243-8E88-3CA946A2A7B9}.Debug|x86.Build.0 = Debug|Win32
		{3B28B048-F8DC-4243-8E88-3CA946A2A7B9}.Release|x64.ActiveCfg = Release|x64
		{3B28B048-F8DC-4243-8E88-3CA946A2A7B9}.Release|x64.Build.0 = Release|x64
		{3B28B048-F8DC-4243-8E88-3CA946A2A7B9}.Release|x86.ActiveCfg = Release|Win32
		{3B28B048-F8DC-4243-8E88-3CA946A2A7B9}.Release|x86.Build.0 = Release|Win32
		{8BC4AE7E-09F5-46E1-97AF-42678727B85D}.Debug|x64.ActiveCfg = Debug|x64
		{8BC4AE7E-09F5-46E1-97AF-42678727B85D}.Debug|x64.Build.0 = Debug|x64
		{8BC4AE7E-09F5-46E1-97AF-42678727B85D}.Debug|x86.ActiveCfg = Debug|Win32
		{8BC4AE7E-09F5-46E1-97AF-42678727B85D}.Debug|x86.Build.0 = Debug|Win32
		{8BC4AE7E-09F5-46E1-97AF-42678727B85D}.Release|x64.ActiveCfg = Release|x64
		{8BC4AE7E-09F5-46E1-97AF-42678727B85D}.Release|x64.Build.0 = Release|x64
		{8BC4AE7E-09F5-46E1-97AF-42678727B85D}.Release|x86.ActiveCfg = Release|Win32
		{8BC4AE7E-09F5-46E1-97AF-42678727B85D}.Release|x86.Build.0 = Release|Win32
	EndGlobalSection
	GlobalSection(SolutionProperties) = preSolution
		HideSolutionNode = FALSE
	EndGlobalSection
EndGlobal
